// !$*UTF8*$!
{
	archiveVersion = 1;
	classes = {
	};
	objectVersion = 56;
	objects = {

/* Begin PBXBuildFile section */
		BF9474E7401599581B5A3BA0 /* Pods_InstaClone.framework in Frameworks */ = {isa = PBXBuildFile; fileRef = DA5E36B702AF530A02F9CD0B /* Pods_InstaClone.framework */; };
		C82595B22A0953AC0058F347 /* AppDelegate.swift in Sources */ = {isa = PBXBuildFile; fileRef = C82595B12A0953AC0058F347 /* AppDelegate.swift */; };
		C82595B42A0953AC0058F347 /* SceneDelegate.swift in Sources */ = {isa = PBXBuildFile; fileRef = C82595B32A0953AC0058F347 /* SceneDelegate.swift */; };
		C82595B62A0953AC0058F347 /* ViewController.swift in Sources */ = {isa = PBXBuildFile; fileRef = C82595B52A0953AC0058F347 /* ViewController.swift */; };
		C82595B92A0953AC0058F347 /* Main.storyboard in Resources */ = {isa = PBXBuildFile; fileRef = C82595B72A0953AC0058F347 /* Main.storyboard */; };
		C82595BB2A0953AD0058F347 /* Assets.xcassets in Resources */ = {isa = PBXBuildFile; fileRef = C82595BA2A0953AD0058F347 /* Assets.xcassets */; };
		C82595BE2A0953AD0058F347 /* LaunchScreen.storyboard in Resources */ = {isa = PBXBuildFile; fileRef = C82595BC2A0953AD0058F347 /* LaunchScreen.storyboard */; };
		C82595C62A0954440058F347 /* GoogleService-Info.plist in Resources */ = {isa = PBXBuildFile; fileRef = C82595C52A0954440058F347 /* GoogleService-Info.plist */; };
		C892FB052A0A815300BF444A /* FeedViewController.swift in Sources */ = {isa = PBXBuildFile; fileRef = C892FB042A0A815300BF444A /* FeedViewController.swift */; };
		C892FB072A0A816400BF444A /* UploadViewController.swift in Sources */ = {isa = PBXBuildFile; fileRef = C892FB062A0A816400BF444A /* UploadViewController.swift */; };
		C892FB092A0A817300BF444A /* SettingsViewController.swift in Sources */ = {isa = PBXBuildFile; fileRef = C892FB082A0A817300BF444A /* SettingsViewController.swift */; };
		C8F8A17B2A0E6C9100B2D838 /* FeedCell.swift in Sources */ = {isa = PBXBuildFile; fileRef = C8F8A17A2A0E6C9100B2D838 /* FeedCell.swift */; };
/* End PBXBuildFile section */

/* Begin PBXFileReference section */
		75C415CBD3030CEE72AD5DF1 /* Pods-InstaClone.release.xcconfig */ = {isa = PBXFileReference; includeInIndex = 1; lastKnownFileType = text.xcconfig; name = "Pods-InstaClone.release.xcconfig"; path = "Target Support Files/Pods-InstaClone/Pods-InstaClone.release.xcconfig"; sourceTree = "<group>"; };
		837A53411843A7C36F6E2B2D /* Pods-InstaClone.debug.xcconfig */ = {isa = PBXFileReference; includeInIndex = 1; lastKnownFileType = text.xcconfig; name = "Pods-InstaClone.debug.xcconfig"; path = "Target Support Files/Pods-InstaClone/Pods-InstaClone.debug.xcconfig"; sourceTree = "<group>"; };
		C82595AE2A0953AC0058F347 /* InstaClone.app */ = {isa = PBXFileReference; explicitFileType = wrapper.application; includeInIndex = 0; path = InstaClone.app; sourceTree = BUILT_PRODUCTS_DIR; };
		C82595B12A0953AC0058F347 /* AppDelegate.swift */ = {isa = PBXFileReference; lastKnownFileType = sourcecode.swift; path = AppDelegate.swift; sourceTree = "<group>"; };
		C82595B32A0953AC0058F347 /* SceneDelegate.swift */ = {isa = PBXFileReference; lastKnownFileType = sourcecode.swift; path = SceneDelegate.swift; sourceTree = "<group>"; };
		C82595B52A0953AC0058F347 /* ViewController.swift */ = {isa = PBXFileReference; lastKnownFileType = sourcecode.swift; path = ViewController.swift; sourceTree = "<group>"; };
		C82595B82A0953AC0058F347 /* Base */ = {isa = PBXFileReference; lastKnownFileType = file.storyboard; name = Base; path = Base.lproj/Main.storyboard; sourceTree = "<group>"; };
		C82595BA2A0953AD0058F347 /* Assets.xcassets */ = {isa = PBXFileReference; lastKnownFileType = folder.assetcatalog; path = Assets.xcassets; sourceTree = "<group>"; };
		C82595BD2A0953AD0058F347 /* Base */ = {isa = PBXFileReference; lastKnownFileType = file.storyboard; name = Base; path = Base.lproj/LaunchScreen.storyboard; sourceTree = "<group>"; };
		C82595BF2A0953AD0058F347 /* Info.plist */ = {isa = PBXFileReference; lastKnownFileType = text.plist.xml; path = Info.plist; sourceTree = "<group>"; };
		C82595C52A0954440058F347 /* GoogleService-Info.plist */ = {isa = PBXFileReference; fileEncoding = 4; lastKnownFileType = text.plist.xml; path = "GoogleService-Info.plist"; sourceTree = "<group>"; };
		C892FB042A0A815300BF444A /* FeedViewController.swift */ = {isa = PBXFileReference; lastKnownFileType = sourcecode.swift; path = FeedViewController.swift; sourceTree = "<group>"; };
		C892FB062A0A816400BF444A /* UploadViewController.swift */ = {isa = PBXFileReference; lastKnownFileType = sourcecode.swift; path = UploadViewController.swift; sourceTree = "<group>"; };
		C892FB082A0A817300BF444A /* SettingsViewController.swift */ = {isa = PBXFileReference; lastKnownFileType = sourcecode.swift; path = SettingsViewController.swift; sourceTree = "<group>"; };
		C8F8A17A2A0E6C9100B2D838 /* FeedCell.swift */ = {isa = PBXFileReference; lastKnownFileType = sourcecode.swift; path = FeedCell.swift; sourceTree = "<group>"; };
		DA5E36B702AF530A02F9CD0B /* Pods_InstaClone.framework */ = {isa = PBXFileReference; explicitFileType = wrapper.framework; includeInIndex = 0; path = Pods_InstaClone.framework; sourceTree = BUILT_PRODUCTS_DIR; };
/* End PBXFileReference section */

/* Begin PBXFrameworksBuildPhase section */
		C82595AB2A0953AC0058F347 /* Frameworks */ = {
			isa = PBXFrameworksBuildPhase;
			buildActionMask = 2147483647;
			files = (
				BF9474E7401599581B5A3BA0 /* Pods_InstaClone.framework in Frameworks */,
			);
			runOnlyForDeploymentPostprocessing = 0;
		};
/* End PBXFrameworksBuildPhase section */

/* Begin PBXGroup section */
		03C5E6CFF6B9C85940D30CCF /* Pods */ = {
			isa = PBXGroup;
			children = (
				837A53411843A7C36F6E2B2D /* Pods-InstaClone.debug.xcconfig */,
				75C415CBD3030CEE72AD5DF1 /* Pods-InstaClone.release.xcconfig */,
			);
			path = Pods;
			sourceTree = "<group>";
		};
		3BAC54FA1108939E80FF605A /* Frameworks */ = {
			isa = PBXGroup;
			children = (
				DA5E36B702AF530A02F9CD0B /* Pods_InstaClone.framework */,
			);
			name = Frameworks;
			sourceTree = "<group>";
		};
		C82595A52A0953AC0058F347 = {
			isa = PBXGroup;
			children = (
				C82595B02A0953AC0058F347 /* InstaClone */,
				C82595AF2A0953AC0058F347 /* Products */,
				03C5E6CFF6B9C85940D30CCF /* Pods */,
				3BAC54FA1108939E80FF605A /* Frameworks */,
			);
			sourceTree = "<group>";
		};
		C82595AF2A0953AC0058F347 /* Products */ = {
			isa = PBXGroup;
			children = (
				C82595AE2A0953AC0058F347 /* InstaClone.app */,
			);
			name = Products;
			sourceTree = "<group>";
		};
		C82595B02A0953AC0058F347 /* InstaClone */ = {
			isa = PBXGroup;
			children = (
				C82595B12A0953AC0058F347 /* AppDelegate.swift */,
				C82595B32A0953AC0058F347 /* SceneDelegate.swift */,
				C82595B52A0953AC0058F347 /* ViewController.swift */,
				C892FB042A0A815300BF444A /* FeedViewController.swift */,
				C892FB062A0A816400BF444A /* UploadViewController.swift */,
				C892FB082A0A817300BF444A /* SettingsViewController.swift */,
				C8F8A17A2A0E6C9100B2D838 /* FeedCell.swift */,
				C82595B72A0953AC0058F347 /* Main.storyboard */,
				C82595BA2A0953AD0058F347 /* Assets.xcassets */,
				C82595C52A0954440058F347 /* GoogleService-Info.plist */,
				C82595BC2A0953AD0058F347 /* LaunchScreen.storyboard */,
				C82595BF2A0953AD0058F347 /* Info.plist */,
			);
			path = InstaClone;
			sourceTree = "<group>";
		};
/* End PBXGroup section */

/* Begin PBXNativeTarget section */
		C82595AD2A0953AC0058F347 /* InstaClone */ = {
			isa = PBXNativeTarget;
			buildConfigurationList = C82595C22A0953AD0058F347 /* Build configuration list for PBXNativeTarget "InstaClone" */;
			buildPhases = (
				A4F428CA44F9D6124BCBE5B5 /* [CP] Check Pods Manifest.lock */,
				C82595AA2A0953AC0058F347 /* Sources */,
				C82595AB2A0953AC0058F347 /* Frameworks */,
				C82595AC2A0953AC0058F347 /* Resources */,
				CFB2000A9BA7ED717AB066C1 /* [CP] Embed Pods Frameworks */,
			);
			buildRules = (
			);
			dependencies = (
			);
			name = InstaClone;
			productName = InstaClone;
			productReference = C82595AE2A0953AC0058F347 /* InstaClone.app */;
			productType = "com.apple.product-type.application";
		};
/* End PBXNativeTarget section */

/* Begin PBXProject section */
		C82595A62A0953AC0058F347 /* Project object */ = {
			isa = PBXProject;
			attributes = {
				BuildIndependentTargetsInParallel = 1;
				LastSwiftUpdateCheck = 1420;
				LastUpgradeCheck = 1420;
				TargetAttributes = {
					C82595AD2A0953AC0058F347 = {
						CreatedOnToolsVersion = 14.2;
					};
				};
			};
			buildConfigurationList = C82595A92A0953AC0058F347 /* Build configuration list for PBXProject "InstaClone" */;
			compatibilityVersion = "Xcode 14.0";
			developmentRegion = en;
			hasScannedForEncodings = 0;
			knownRegions = (
				en,
				Base,
			);
			mainGroup = C82595A52A0953AC0058F347;
			productRefGroup = C82595AF2A0953AC0058F347 /* Products */;
			projectDirPath = "";
			projectRoot = "";
			targets = (
				C82595AD2A0953AC0058F347 /* InstaClone */,
			);
		};
/* End PBXProject section */

/* Begin PBXResourcesBuildPhase section */
		C82595AC2A0953AC0058F347 /* Resources */ = {
			isa = PBXResourcesBuildPhase;
			buildActionMask = 2147483647;
			files = (
				C82595BE2A0953AD0058F347 /* LaunchScreen.storyboard in Resources */,
				C82595C62A0954440058F347 /* GoogleService-Info.plist in Resources */,
				C82595BB2A0953AD0058F347 /* Assets.xcassets in Resources */,
				C82595B92A0953AC0058F347 /* Main.storyboard in Resources */,
			);
			runOnlyForDeploymentPostprocessing = 0;
		};
/* End PBXResourcesBuildPhase section */

/* Begin PBXShellScriptBuildPhase section */
		A4F428CA44F9D6124BCBE5B5 /* [CP] Check Pods Manifest.lock */ = {
			isa = PBXShellScriptBuildPhase;
			buildActionMask = 2147483647;
			files = (
			);
			inputFileListPaths = (
			);
			inputPaths = (
				"${PODS_PODFILE_DIR_PATH}/Podfile.lock",
				"${PODS_ROOT}/Manifest.lock",
			);
			name = "[CP] Check Pods Manifest.lock";
			outputFileListPaths = (
			);
			outputPaths = (
				"$(DERIVED_FILE_DIR)/Pods-InstaClone-checkManifestLockResult.txt",
			);
			runOnlyForDeploymentPostprocessing = 0;
			shellPath = /bin/sh;
			shellScript = "diff \"${PODS_PODFILE_DIR_PATH}/Podfile.lock\" \"${PODS_ROOT}/Manifest.lock\" > /dev/null\nif [ $? != 0 ] ; then\n    # print error to STDERR\n    echo \"error: The sandbox is not in sync with the Podfile.lock. Run 'pod install' or update your CocoaPods installation.\" >&2\n    exit 1\nfi\n# This output is used by Xcode 'outputs' to avoid re-running this script phase.\necho \"SUCCESS\" > \"${SCRIPT_OUTPUT_FILE_0}\"\n";
			showEnvVarsInLog = 0;
		};
		CFB2000A9BA7ED717AB066C1 /* [CP] Embed Pods Frameworks */ = {
			isa = PBXShellScriptBuildPhase;
			buildActionMask = 2147483647;
			files = (
			);
			inputFileListPaths = (
				"${PODS_ROOT}/Target Support Files/Pods-InstaClone/Pods-InstaClone-frameworks-${CONFIGURATION}-input-files.xcfilelist",
			);
			name = "[CP] Embed Pods Frameworks";
			outputFileListPaths = (
				"${PODS_ROOT}/Target Support Files/Pods-InstaClone/Pods-InstaClone-frameworks-${CONFIGURATION}-output-files.xcfilelist",
			);
			runOnlyForDeploymentPostprocessing = 0;
			shellPath = /bin/sh;
			shellScript = "\"${PODS_ROOT}/Target Support Files/Pods-InstaClone/Pods-InstaClone-frameworks.sh\"\n";
			showEnvVarsInLog = 0;
		};
/* End PBXShellScriptBuildPhase section */

/* Begin PBXSourcesBuildPhase section */
		C82595AA2A0953AC0058F347 /* Sources */ = {
			isa = PBXSourcesBuildPhase;
			buildActionMask = 2147483647;
			files = (
				C8F8A17B2A0E6C9100B2D838 /* FeedCell.swift in Sources */,
				C82595B62A0953AC0058F347 /* ViewController.swift in Sources */,
				C892FB072A0A816400BF444A /* UploadViewController.swift in Sources */,
				C82595B22A0953AC0058F347 /* AppDelegate.swift in Sources */,
				C892FB052A0A815300BF444A /* FeedViewController.swift in Sources */,
				C82595B42A0953AC0058F347 /* SceneDelegate.swift in Sources */,
				C892FB092A0A817300BF444A /* SettingsViewController.swift in Sources */,
			);
			runOnlyForDeploymentPostprocessing = 0;
		};
/* End PBXSourcesBuildPhase section */

/* Begin PBXVariantGroup section */
		C82595B72A0953AC0058F347 /* Main.storyboard */ = {
			isa = PBXVariantGroup;
			children = (
				C82595B82A0953AC0058F347 /* Base */,
			);
			name = Main.storyboard;
			sourceTree = "<group>";
		};
		C82595BC2A0953AD0058F347 /* LaunchScreen.storyboard */ = {
			isa = PBXVariantGroup;
			children = (
				C82595BD2A0953AD0058F347 /* Base */,
			);
			name = LaunchScreen.storyboard;
			sourceTree = "<group>";
		};
/* End PBXVariantGroup section */

/* Begin XCBuildConfiguration section */
		C82595C02A0953AD0058F347 /* Debug */ = {
			isa = XCBuildConfiguration;
			buildSettings = {
				ALWAYS_SEARCH_USER_PATHS = NO;
				CLANG_ANALYZER_NONNULL = YES;
				CLANG_ANALYZER_NUMBER_OBJECT_CONVERSION = YES_AGGRESSIVE;
				CLANG_CXX_LANGUAGE_STANDARD = "gnu++20";
				CLANG_ENABLE_MODULES = YES;
				CLANG_ENABLE_OBJC_ARC = YES;
				CLANG_ENABLE_OBJC_WEAK = YES;
				CLANG_WARN_BLOCK_CAPTURE_AUTORELEASING = YES;
				CLANG_WARN_BOOL_CONVERSION = YES;
				CLANG_WARN_COMMA = YES;
				CLANG_WARN_CONSTANT_CONVERSION = YES;
				CLANG_WARN_DEPRECATED_OBJC_IMPLEMENTATIONS = YES;
				CLANG_WARN_DIRECT_OBJC_ISA_USAGE = YES_ERROR;
				CLANG_WARN_DOCUMENTATION_COMMENTS = YES;
				CLANG_WARN_EMPTY_BODY = YES;
				CLANG_WARN_ENUM_CONVERSION = YES;
				CLANG_WARN_INFINITE_RECURSION = YES;
				CLANG_WARN_INT_CONVERSION = YES;
				CLANG_WARN_NON_LITERAL_NULL_CONVERSION = YES;
				CLANG_WARN_OBJC_IMPLICIT_RETAIN_SELF = YES;
				CLANG_WARN_OBJC_LITERAL_CONVERSION = YES;
				CLANG_WARN_OBJC_ROOT_CLASS = YES_ERROR;
				CLANG_WARN_QUOTED_INCLUDE_IN_FRAMEWORK_HEADER = YES;
				CLANG_WARN_RANGE_LOOP_ANALYSIS = YES;
				CLANG_WARN_STRICT_PROTOTYPES = YES;
				CLANG_WARN_SUSPICIOUS_MOVE = YES;
				CLANG_WARN_UNGUARDED_AVAILABILITY = YES_AGGRESSIVE;
				CLANG_WARN_UNREACHABLE_CODE = YES;
				CLANG_WARN__DUPLICATE_METHOD_MATCH = YES;
				COPY_PHASE_STRIP = NO;
				DEBUG_INFORMATION_FORMAT = dwarf;
				ENABLE_STRICT_OBJC_MSGSEND = YES;
				ENABLE_TESTABILITY = YES;
				GCC_C_LANGUAGE_STANDARD = gnu11;
				GCC_DYNAMIC_NO_PIC = NO;
				GCC_NO_COMMON_BLOCKS = YES;
				GCC_OPTIMIZATION_LEVEL = 0;
				GCC_PREPROCESSOR_DEFINITIONS = (
					"DEBUG=1",
					"$(inherited)",
				);
				GCC_WARN_64_TO_32_BIT_CONVERSION = YES;
				GCC_WARN_ABOUT_RETURN_TYPE = YES_ERROR;
				GCC_WARN_UNDECLARED_SELECTOR = YES;
				GCC_WARN_UNINITIALIZED_AUTOS = YES_AGGRESSIVE;
				GCC_WARN_UNUSED_FUNCTION = YES;
				GCC_WARN_UNUSED_VARIABLE = YES;
				IPHONEOS_DEPLOYMENT_TARGET = 16.2;
				MTL_ENABLE_DEBUG_INFO = INCLUDE_SOURCE;
				MTL_FAST_MATH = YES;
				ONLY_ACTIVE_ARCH = YES;
				SDKROOT = iphoneos;
				SWIFT_ACTIVE_COMPILATION_CONDITIONS = DEBUG;
				SWIFT_OPTIMIZATION_LEVEL = "-Onone";
			};
			name = Debug;
		};
		C82595C12A0953AD0058F347 /* Release */ = {
			isa = XCBuildConfiguration;
			buildSettings = {
				ALWAYS_SEARCH_USER_PATHS = NO;
				CLANG_ANALYZER_NONNULL = YES;
				CLANG_ANALYZER_NUMBER_OBJECT_CONVERSION = YES_AGGRESSIVE;
				CLANG_CXX_LANGUAGE_STANDARD = "gnu++20";
				CLANG_ENABLE_MODULES = YES;
				CLANG_ENABLE_OBJC_ARC = YES;
				CLANG_ENABLE_OBJC_WEAK = YES;
				CLANG_WARN_BLOCK_CAPTURE_AUTORELEASING = YES;
				CLANG_WARN_BOOL_CONVERSION = YES;
				CLANG_WARN_COMMA = YES;
				CLANG_WARN_CONSTANT_CONVERSION = YES;
				CLANG_WARN_DEPRECATED_OBJC_IMPLEMENTATIONS = YES;
				CLANG_WARN_DIRECT_OBJC_ISA_USAGE = YES_ERROR;
				CLANG_WARN_DOCUMENTATION_COMMENTS = YES;
				CLANG_WARN_EMPTY_BODY = YES;
				CLANG_WARN_ENUM_CONVERSION = YES;
				CLANG_WARN_INFINITE_RECURSION = YES;
				CLANG_WARN_INT_CONVERSION = YES;
				CLANG_WARN_NON_LITERAL_NULL_CONVERSION = YES;
				CLANG_WARN_OBJC_IMPLICIT_RETAIN_SELF = YES;
				CLANG_WARN_OBJC_LITERAL_CONVERSION = YES;
				CLANG_WARN_OBJC_ROOT_CLASS = YES_ERROR;
				CLANG_WARN_QUOTED_INCLUDE_IN_FRAMEWORK_HEADER = YES;
				CLANG_WARN_RANGE_LOOP_ANALYSIS = YES;
				CLANG_WARN_STRICT_PROTOTYPES = YES;
				CLANG_WARN_SUSPICIOUS_MOVE = YES;
				CLANG_WARN_UNGUARDED_AVAILABILITY = YES_AGGRESSIVE;
				CLANG_WARN_UNREACHABLE_CODE = YES;
				CLANG_WARN__DUPLICATE_METHOD_MATCH = YES;
				COPY_PHASE_STRIP = NO;
				DEBUG_INFORMATION_FORMAT = "dwarf-with-dsym";
				ENABLE_NS_ASSERTIONS = NO;
				ENABLE_STRICT_OBJC_MSGSEND = YES;
				GCC_C_LANGUAGE_STANDARD = gnu11;
				GCC_NO_COMMON_BLOCKS = YES;
				GCC_WARN_64_TO_32_BIT_CONVERSION = YES;
				GCC_WARN_ABOUT_RETURN_TYPE = YES_ERROR;
				GCC_WARN_UNDECLARED_SELECTOR = YES;
				GCC_WARN_UNINITIALIZED_AUTOS = YES_AGGRESSIVE;
				GCC_WARN_UNUSED_FUNCTION = YES;
				GCC_WARN_UNUSED_VARIABLE = YES;
				IPHONEOS_DEPLOYMENT_TARGET = 16.2;
				MTL_ENABLE_DEBUG_INFO = NO;
				MTL_FAST_MATH = YES;
				SDKROOT = iphoneos;
				SWIFT_COMPILATION_MODE = wholemodule;
				SWIFT_OPTIMIZATION_LEVEL = "-O";
				VALIDATE_PRODUCT = YES;
			};
			name = Release;
		};
		C82595C32A0953AD0058F347 /* Debug */ = {
			isa = XCBuildConfiguration;
			baseConfigurationReference = 837A53411843A7C36F6E2B2D /* Pods-InstaClone.debug.xcconfig */;
			buildSettings = {
				ASSETCATALOG_COMPILER_APPICON_NAME = AppIcon;
				ASSETCATALOG_COMPILER_GLOBAL_ACCENT_COLOR_NAME = AccentColor;
				CODE_SIGN_STYLE = Automatic;
				CURRENT_PROJECT_VERSION = 1;
				DEVELOPMENT_TEAM = U4V89Y28V5;
				GENERATE_INFOPLIST_FILE = YES;
				INFOPLIST_FILE = InstaClone/Info.plist;
				INFOPLIST_KEY_UIApplicationSupportsIndirectInputEvents = YES;
				INFOPLIST_KEY_UILaunchStoryboardName = LaunchScreen;
				INFOPLIST_KEY_UIMainStoryboardFile = Main;
				INFOPLIST_KEY_UISupportedInterfaceOrientations_iPad = "UIInterfaceOrientationPortrait UIInterfaceOrientationPortraitUpsideDown UIInterfaceOrientationLandscapeLeft UIInterfaceOrientationLandscapeRight";
				INFOPLIST_KEY_UISupportedInterfaceOrientations_iPhone = "UIInterfaceOrientationPortrait UIInterfaceOrientationLandscapeLeft UIInterfaceOrientationLandscapeRight";
				LD_RUNPATH_SEARCH_PATHS = (
					"$(inherited)",
					"@executable_path/Frameworks",
				);
				MARKETING_VERSION = 1.0;
				PRODUCT_BUNDLE_IDENTIFIER = EyupKose.InstaClone;
				PRODUCT_NAME = "$(TARGET_NAME)";
				SWIFT_EMIT_LOC_STRINGS = YES;
				SWIFT_VERSION = 5.0;
				TARGETED_DEVICE_FAMILY = "1,2";
			};
			name = Debug;
		};
		C82595C42A0953AD0058F347 /* Release */ = {
			isa = XCBuildConfiguration;
			baseConfigurationReference = 75C415CBD3030CEE72AD5DF1 /* Pods-InstaClone.release.xcconfig */;
			buildSettings = {
				ASSETCATALOG_COMPILER_APPICON_NAME = AppIcon;
				ASSETCATALOG_COMPILER_GLOBAL_ACCENT_COLOR_NAME = AccentColor;
				CODE_SIGN_STYLE = Automatic;
				CURRENT_PROJECT_VERSION = 1;
				DEVELOPMENT_TEAM = U4V89Y28V5;
				GENERATE_INFOPLIST_FILE = YES;
				INFOPLIST_FILE = InstaClone/Info.plist;
				INFOPLIST_KEY_UIApplicationSupportsIndirectInputEvents = YES;
				INFOPLIST_KEY_UILaunchStoryboardName = LaunchScreen;
				INFOPLIST_KEY_UIMainStoryboardFile = Main;
				INFOPLIST_KEY_UISupportedInterfaceOrientations_iPad = "UIInterfaceOrientationPortrait UIInterfaceOrientationPortraitUpsideDown UIInterfaceOrientationLandscapeLeft UIInterfaceOrientationLandscapeRight";
				INFOPLIST_KEY_UISupportedInterfaceOrientations_iPhone = "UIInterfaceOrientationPortrait UIInterfaceOrientationLandscapeLeft UIInterfaceOrientationLandscapeRight";
				LD_RUNPATH_SEARCH_PATHS = (
					"$(inherited)",
					"@executable_path/Frameworks",
				);
				MARKETING_VERSION = 1.0;
				PRODUCT_BUNDLE_IDENTIFIER = EyupKose.InstaClone;
				PRODUCT_NAME = "$(TARGET_NAME)";
				SWIFT_EMIT_LOC_STRINGS = YES;
				SWIFT_VERSION = 5.0;
				TARGETED_DEVICE_FAMILY = "1,2";
			};
			name = Release;
		};
/* End XCBuildConfiguration section */

/* Begin XCConfigurationList section */
		C82595A92A0953AC0058F347 /* Build configuration list for PBXProject "InstaClone" */ = {
			isa = XCConfigurationList;
			buildConfigurations = (
				C82595C02A0953AD0058F347 /* Debug */,
				C82595C12A0953AD0058F347 /* Release */,
			);
			defaultConfigurationIsVisible = 0;
			defaultConfigurationName = Release;
		};
		C82595C22A0953AD0058F347 /* Build configuration list for PBXNativeTarget "InstaClone" */ = {
			isa = XCConfigurationList;
			buildConfigurations = (
				C82595C32A0953AD0058F347 /* Debug */,
				C82595C42A0953AD0058F347 /* Release */,
			);
			defaultConfigurationIsVisible = 0;
			defaultConfigurationName = Release;
		};
/* End XCConfigurationList section */
	};
	rootObject = C82595A62A0953AC0058F347 /* Project object */;
}
